
Microsoft Visual Studio Solution File, Format Version 12.00
Project("{FAE04EC0-301F-11D3-BF4B-00C04F79EFBC}") = "CSharpDiscriminatedUnions.Runtime", "CSharpDiscriminatedUnions.Runtime\CSharpDiscriminatedUnions.Runtime.csproj", "{4EE47900-640F-46A0-8ADD-B3652AC7E83D}"
EndProject
Project("{FAE04EC0-301F-11D3-BF4B-00C04F79EFBC}") = "CSharpDiscriminatedUnions.Generators", "CSharpDiscriminatedUnions.Generators\CSharpDiscriminatedUnions.Generators.csproj", "{F4A10CF5-E7FD-4E92-B1FF-D96EA1EE785B}"
EndProject
Project("{FAE04EC0-301F-11D3-BF4B-00C04F79EFBC}") = "CSharpDiscriminatedUnions.Tests", "CSharpDiscriminatedUnions.Tests\CSharpDiscriminatedUnions.Tests.csproj", "{5654ACB0-FBD4-4A3C-855F-982E6E270DDC}"
EndProject
Project("{FAE04EC0-301F-11D3-BF4B-00C04F79EFBC}") = "CSharpDiscriminatedUnions", "CSharpDiscriminatedUnions\CSharpDiscriminatedUnions.csproj", "{8D0C6084-6A8E-44E7-9BE8-CB477E613719}"
EndProject
Global
	GlobalSection(SolutionConfigurationPlatforms) = preSolution
		Debug|Any CPU = Debug|Any CPU
		Release|Any CPU = Release|Any CPU
	EndGlobalSection
	GlobalSection(ProjectConfigurationPlatforms) = postSolution
		{4EE47900-640F-46A0-8ADD-B3652AC7E83D}.Debug|Any CPU.ActiveCfg = Debug|Any CPU
		{4EE47900-640F-46A0-8ADD-B3652AC7E83D}.Debug|Any CPU.Build.0 = Debug|Any CPU
		{4EE47900-640F-46A0-8ADD-B3652AC7E83D}.Release|Any CPU.ActiveCfg = Release|Any CPU
		{4EE47900-640F-46A0-8ADD-B3652AC7E83D}.Release|Any CPU.Build.0 = Release|Any CPU
		{F4A10CF5-E7FD-4E92-B1FF-D96EA1EE785B}.Debug|Any CPU.ActiveCfg = Debug|Any CPU
		{F4A10CF5-E7FD-4E92-B1FF-D96EA1EE785B}.Debug|Any CPU.Build.0 = Debug|Any CPU
		{F4A10CF5-E7FD-4E92-B1FF-D96EA1EE785B}.Release|Any CPU.ActiveCfg = Release|Any CPU
		{F4A10CF5-E7FD-4E92-B1FF-D96EA1EE785B}.Release|Any CPU.Build.0 = Release|Any CPU
		{5654ACB0-FBD4-4A3C-855F-982E6E270DDC}.Debug|Any CPU.ActiveCfg = Debug|Any CPU
		{5654ACB0-FBD4-4A3C-855F-982E6E270DDC}.Debug|Any CPU.Build.0 = Debug|Any CPU
		{5654ACB0-FBD4-4A3C-855F-982E6E270DDC}.Release|Any CPU.ActiveCfg = Release|Any CPU
		{5654ACB0-FBD4-4A3C-855F-982E6E270DDC}.Release|Any CPU.Build.0 = Release|Any CPU
		{8D0C6084-6A8E-44E7-9BE8-CB477E613719}.Debug|Any CPU.ActiveCfg = Debug|Any CPU
		{8D0C6084-6A8E-44E7-9BE8-CB477E613719}.Debug|Any CPU.Build.0 = Debug|Any CPU
		{8D0C6084-6A8E-44E7-9BE8-CB477E613719}.Release|Any CPU.ActiveCfg = Release|Any CPU
		{8D0C6084-6A8E-44E7-9BE8-CB477E613719}.Release|Any CPU.Build.0 = Release|Any CPU
	EndGlobalSection
EndGlobal
